
Microsoft Visual Studio Solution File, Format Version 12.00
# Visual Studio 2013
VisualStudioVersion = 12.0.31101.0
MinimumVisualStudioVersion = 10.0.40219.1
Project("{FAE04EC0-301F-11D3-BF4B-00C04F79EFBC}") = "RC210_DataAssistant_V2", "RC210_DataAssistant_V2.csproj", "{ABC0D95E-FC63-4A0C-B122-D9F9A4211726}"
EndProject
Global
	GlobalSection(SolutionConfigurationPlatforms) = preSolution
		Release|x86 = Release|x86
	EndGlobalSection
	GlobalSection(ProjectConfigurationPlatforms) = postSolution
		{ABC0D95E-FC63-4A0C-B122-D9F9A4211726}.Release|x86.ActiveCfg = Release|x86
		{ABC0D95E-FC63-4A0C-B122-D9F9A4211726}.Release|x86.Build.0 = Release|x86
	EndGlobalSection
	GlobalSection(SolutionProperties) = preSolution
		HideSolutionNode = FALSE
	EndGlobalSection
EndGlobal
